// !$*UTF8*$!
{
	archiveVersion = 1;
	classes = {
	};
	objectVersion = 46;
	objects = {

/* Begin PBXBuildFile section */
		4C7B29A21EC37E150016A1CE /* AppDelegate.swift in Sources */ = {isa = PBXBuildFile; fileRef = 4C7B29A11EC37E150016A1CE /* AppDelegate.swift */; };
		4C7B29A41EC37E150016A1CE /* ViewController.swift in Sources */ = {isa = PBXBuildFile; fileRef = 4C7B29A31EC37E150016A1CE /* ViewController.swift */; };
		4C7B29A71EC37E150016A1CE /* Main.storyboard in Resources */ = {isa = PBXBuildFile; fileRef = 4C7B29A51EC37E150016A1CE /* Main.storyboard */; };
		4C7B29A91EC37E150016A1CE /* Assets.xcassets in Resources */ = {isa = PBXBuildFile; fileRef = 4C7B29A81EC37E150016A1CE /* Assets.xcassets */; };
		4C7B29AC1EC37E150016A1CE /* LaunchScreen.storyboard in Resources */ = {isa = PBXBuildFile; fileRef = 4C7B29AA1EC37E150016A1CE /* LaunchScreen.storyboard */; };
		4C7B29B41EC385250016A1CE /* Constants.swift in Sources */ = {isa = PBXBuildFile; fileRef = 4C7B29B31EC385250016A1CE /* Constants.swift */; };
/* End PBXBuildFile section */

/* Begin PBXFileReference section */
		4C7B299E1EC37E150016A1CE /* G54L5.app */ = {isa = PBXFileReference; explicitFileType = wrapper.application; includeInIndex = 0; path = G54L5.app; sourceTree = BUILT_PRODUCTS_DIR; };
		4C7B29A11EC37E150016A1CE /* AppDelegate.swift */ = {isa = PBXFileReference; lastKnownFileType = sourcecode.swift; path = AppDelegate.swift; sourceTree = "<group>"; };
		4C7B29A31EC37E150016A1CE /* ViewController.swift */ = {isa = PBXFileReference; lastKnownFileType = sourcecode.swift; path = ViewController.swift; sourceTree = "<group>"; };
		4C7B29A61EC37E150016A1CE /* Base */ = {isa = PBXFileReference; lastKnownFileType = file.storyboard; name = Base; path = Base.lproj/Main.storyboard; sourceTree = "<group>"; };
		4C7B29A81EC37E150016A1CE /* Assets.xcassets */ = {isa = PBXFileReference; lastKnownFileType = folder.assetcatalog; path = Assets.xcassets; sourceTree = "<group>"; };
		4C7B29AB1EC37E150016A1CE /* Base */ = {isa = PBXFileReference; lastKnownFileType = file.storyboard; name = Base; path = Base.lproj/LaunchScreen.storyboard; sourceTree = "<group>"; };
		4C7B29AD1EC37E150016A1CE /* Info.plist */ = {isa = PBXFileReference; lastKnownFileType = text.plist.xml; path = Info.plist; sourceTree = "<group>"; };
		4C7B29B31EC385250016A1CE /* Constants.swift */ = {isa = PBXFileReference; fileEncoding = 4; lastKnownFileType = sourcecode.swift; path = Constants.swift; sourceTree = "<group>"; };
/* End PBXFileReference section */

/* Begin PBXFrameworksBuildPhase section */
		4C7B299B1EC37E150016A1CE /* Frameworks */ = {
			isa = PBXFrameworksBuildPhase;
			buildActionMask = 2147483647;
			files = (
			);
			runOnlyForDeploymentPostprocessing = 0;
		};
/* End PBXFrameworksBuildPhase section */

/* Begin PBXGroup section */
		4C7B29951EC37E150016A1CE = {
			isa = PBXGroup;
			children = (
				4C7B29A01EC37E150016A1CE /* G54L5 */,
				4C7B299F1EC37E150016A1CE /* Products */,
			);
			sourceTree = "<group>";
		};
		4C7B299F1EC37E150016A1CE /* Products */ = {
			isa = PBXGroup;
			children = (
				4C7B299E1EC37E150016A1CE /* G54L5.app */,
			);
			name = Products;
			sourceTree = "<group>";
		};
		4C7B29A01EC37E150016A1CE /* G54L5 */ = {
			isa = PBXGroup;
			children = (
				4C7B29B31EC385250016A1CE /* Constants.swift */,
				4C7B29A11EC37E150016A1CE /* AppDelegate.swift */,
				4C7B29A31EC37E150016A1CE /* ViewController.swift */,
				4C7B29A51EC37E150016A1CE /* Main.storyboard */,
				4C7B29A81EC37E150016A1CE /* Assets.xcassets */,
				4C7B29AA1EC37E150016A1CE /* LaunchScreen.storyboard */,
				4C7B29AD1EC37E150016A1CE /* Info.plist */,
			);
			path = G54L5;
			sourceTree = "<group>";
		};
/* End PBXGroup section */

/* Begin PBXNativeTarget section */
		4C7B299D1EC37E150016A1CE /* G54L5 */ = {
			isa = PBXNativeTarget;
			buildConfigurationList = 4C7B29B01EC37E150016A1CE /* Build configuration list for PBXNativeTarget "G54L5" */;
			buildPhases = (
				4C7B299A1EC37E150016A1CE /* Sources */,
				4C7B299B1EC37E150016A1CE /* Frameworks */,
				4C7B299C1EC37E150016A1CE /* Resources */,
			);
			buildRules = (
			);
			dependencies = (
			);
			name = G54L5;
			productName = G54L5;
			productReference = 4C7B299E1EC37E150016A1CE /* G54L5.app */;
			productType = "com.apple.product-type.application";
		};
/* End PBXNativeTarget section */

/* Begin PBXProject section */
		4C7B29961EC37E150016A1CE /* Project object */ = {
			isa = PBXProject;
			attributes = {
				LastSwiftUpdateCheck = 0830;
				LastUpgradeCheck = 0830;
				ORGANIZATIONNAME = "Smoosh Labs";
				TargetAttributes = {
					4C7B299D1EC37E150016A1CE = {
						CreatedOnToolsVersion = 8.3.2;
						ProvisioningStyle = Automatic;
					};
				};
			};
			buildConfigurationList = 4C7B29991EC37E150016A1CE /* Build configuration list for PBXProject "G54L5" */;
			compatibilityVersion = "Xcode 3.2";
			developmentRegion = English;
			hasScannedForEncodings = 0;
			knownRegions = (
				en,
				Base,
			);
			mainGroup = 4C7B29951EC37E150016A1CE;
			productRefGroup = 4C7B299F1EC37E150016A1CE /* Products */;
			projectDirPath = "";
			projectRoot = "";
			targets = (
				4C7B299D1EC37E150016A1CE /* G54L5 */,
			);
		};
/* End PBXProject section */

/* Begin PBXResourcesBuildPhase section */
		4C7B299C1EC37E150016A1CE /* Resources */ = {
			isa = PBXResourcesBuildPhase;
			buildActionMask = 2147483647;
			files = (
				4C7B29AC1EC37E150016A1CE /* LaunchScreen.storyboard in Resources */,
				4C7B29A91EC37E150016A1CE /* Assets.xcassets in Resources */,
				4C7B29A71EC37E150016A1CE /* Main.storyboard in Resources */,
			);
			runOnlyForDeploymentPostprocessing = 0;
		};
/* End PBXResourcesBuildPhase section */

/* Begin PBXSourcesBuildPhase section */
		4C7B299A1EC37E150016A1CE /* Sources */ = {
			isa = PBXSourcesBuildPhase;
			buildActionMask = 2147483647;
			files = (
				4C7B29A41EC37E150016A1CE /* ViewController.swift in Sources */,
				4C7B29A21EC37E150016A1CE /* AppDelegate.swift in Sources */,
				4C7B29B41EC385250016A1CE /* Constants.swift in Sources */,
			);
			runOnlyForDeploymentPostprocessing = 0;
		};
/* End PBXSourcesBuildPhase section */

/* Begin PBXVariantGroup section */
		4C7B29A51EC37E150016A1CE /* Main.storyboard */ = {
			isa = PBXVariantGroup;
			children = (
				4C7B29A61EC37E150016A1CE /* Base */,
			);
			name = Main.storyboard;
			sourceTree = "<group>";
		};
		4C7B29AA1EC37E150016A1CE /* LaunchScreen.storyboard */ = {
			isa = PBXVariantGroup;
			children = (
				4C7B29AB1EC37E150016A1CE /* Base */,
			);
			name = LaunchScreen.storyboard;
			sourceTree = "<group>";
		};
/* End PBXVariantGroup section */

/* Begin XCBuildConfiguration section */
		4C7B29AE1EC37E150016A1CE /* Debug */ = {
			isa = XCBuildConfiguration;
			buildSettings = {
				ALWAYS_SEARCH_USER_PATHS = NO;
				CLANG_ANALYZER_NONNULL = YES;
				CLANG_ANALYZER_NUMBER_OBJECT_CONVERSION = YES_AGGRESSIVE;
				CLANG_CXX_LANGUAGE_STANDARD = "gnu++0x";
				CLANG_CXX_LIBRARY = "libc++";
				CLANG_ENABLE_MODULES = YES;
				CLANG_ENABLE_OBJC_ARC = YES;
				CLANG_WARN_BOOL_CONVERSION = YES;
				CLANG_WARN_CONSTANT_CONVERSION = YES;
				CLANG_WARN_DIRECT_OBJC_ISA_USAGE = YES_ERROR;
				CLANG_WARN_DOCUMENTATION_COMMENTS = YES;
				CLANG_WARN_EMPTY_BODY = YES;
				CLANG_WARN_ENUM_CONVERSION = YES;
				CLANG_WARN_INFINITE_RECURSION = YES;
				CLANG_WARN_INT_CONVERSION = YES;
				CLANG_WARN_OBJC_ROOT_CLASS = YES_ERROR;
				CLANG_WARN_SUSPICIOUS_MOVE = YES;
				CLANG_WARN_UNREACHABLE_CODE = YES;
				CLANG_WARN__DUPLICATE_METHOD_MATCH = YES;
				"CODE_SIGN_IDENTITY[sdk=iphoneos*]" = "iPhone Developer";
				COPY_PHASE_STRIP = NO;
				DEBUG_INFORMATION_FORMAT = dwarf;
				ENABLE_STRICT_OBJC_MSGSEND = YES;
				ENABLE_TESTABILITY = YES;
				GCC_C_LANGUAGE_STANDARD = gnu99;
				GCC_DYNAMIC_NO_PIC = NO;
				GCC_NO_COMMON_BLOCKS = YES;
				GCC_OPTIMIZATION_LEVEL = 0;
				GCC_PREPROCESSOR_DEFINITIONS = (
					"DEBUG=1",
					"$(inherited)",
				);
				GCC_WARN_64_TO_32_BIT_CONVERSION = YES;
				GCC_WARN_ABOUT_RETURN_TYPE = YES_ERROR;
				GCC_WARN_UNDECLARED_SELECTOR = YES;
				GCC_WARN_UNINITIALIZED_AUTOS = YES_AGGRESSIVE;
				GCC_WARN_UNUSED_FUNCTION = YES;
				GCC_WARN_UNUSED_VARIABLE = YES;
				IPHONEOS_DEPLOYMENT_TARGET = 10.3;
				MTL_ENABLE_DEBUG_INFO = YES;
				ONLY_ACTIVE_ARCH = YES;
				SDKROOT = iphoneos;
				SWIFT_ACTIVE_COMPILATION_CONDITIONS = DEBUG;
				SWIFT_OPTIMIZATION_LEVEL = "-Onone";
				TARGETED_DEVICE_FAMILY = "1,2";
			};
			name = Debug;
		};
		4C7B29AF1EC37E150016A1CE /* Release */ = {
			isa = XCBuildConfiguration;
			buildSettings = {
				ALWAYS_SEARCH_USER_PATHS = NO;
				CLANG_ANALYZER_NONNULL = YES;
				CLANG_ANALYZER_NUMBER_OBJECT_CONVERSION = YES_AGGRESSIVE;
				CLANG_CXX_LANGUAGE_STANDARD = "gnu++0x";
				CLANG_CXX_LIBRARY = "libc++";
				CLANG_ENABLE_MODULES = YES;
				CLANG_ENABLE_OBJC_ARC = YES;
				CLANG_WARN_BOOL_CONVERSION = YES;
				CLANG_WARN_CONSTANT_CONVERSION = YES;
				CLANG_WARN_DIRECT_OBJC_ISA_USAGE = YES_ERROR;
				CLANG_WARN_DOCUMENTATION_COMMENTS = YES;
				CLANG_WARN_EMPTY_BODY = YES;
				CLANG_WARN_ENUM_CONVERSION = YES;
				CLANG_WARN_INFINITE_RECURSION = YES;
				CLANG_WARN_INT_CONVERSION = YES;
				CLANG_WARN_OBJC_ROOT_CLASS = YES_ERROR;
				CLANG_WARN_SUSPICIOUS_MOVE = YES;
				CLANG_WARN_UNREACHABLE_CODE = YES;
				CLANG_WARN__DUPLICATE_METHOD_MATCH = YES;
				"CODE_SIGN_IDENTITY[sdk=iphoneos*]" = "iPhone Developer";
				COPY_PHASE_STRIP = NO;
				DEBUG_INFORMATION_FORMAT = "dwarf-with-dsym";
				ENABLE_NS_ASSERTIONS = NO;
				ENABLE_STRICT_OBJC_MSGSEND = YES;
				GCC_C_LANGUAGE_STANDARD = gnu99;
				GCC_NO_COMMON_BLOCKS = YES;
				GCC_WARN_64_TO_32_BIT_CONVERSION = YES;
				GCC_WARN_ABOUT_RETURN_TYPE = YES_ERROR;
				GCC_WARN_UNDECLARED_SELECTOR = YES;
				GCC_WARN_UNINITIALIZED_AUTOS = YES_AGGRESSIVE;
				GCC_WARN_UNUSED_FUNCTION = YES;
				GCC_WARN_UNUSED_VARIABLE = YES;
				IPHONEOS_DEPLOYMENT_TARGET = 10.3;
				MTL_ENABLE_DEBUG_INFO = NO;
				SDKROOT = iphoneos;
				SWIFT_OPTIMIZATION_LEVEL = "-Owholemodule";
				TARGETED_DEVICE_FAMILY = "1,2";
				VALIDATE_PRODUCT = YES;
			};
			name = Release;
		};
		4C7B29B11EC37E150016A1CE /* Debug */ = {
			isa = XCBuildConfiguration;
			buildSettings = {
				ASSETCATALOG_COMPILER_APPICON_NAME = AppIcon;
				INFOPLIST_FILE = G54L5/Info.plist;
				LD_RUNPATH_SEARCH_PATHS = "$(inherited) @executable_path/Frameworks";
				PRODUCT_BUNDLE_IDENTIFIER = SmooshLabs.G54L5;
				PRODUCT_NAME = "$(TARGET_NAME)";
				SWIFT_VERSION = 3.0;
			};
			name = Debug;
		};
		4C7B29B21EC37E150016A1CE /* Release */ = {
			isa = XCBuildConfiguration;
			buildSettings = {
				ASSETCATALOG_COMPILER_APPICON_NAME = AppIcon;
				INFOPLIST_FILE = G54L5/Info.plist;
				LD_RUNPATH_SEARCH_PATHS = "$(inherited) @executable_path/Frameworks";
				PRODUCT_BUNDLE_IDENTIFIER = SmooshLabs.G54L5;
				PRODUCT_NAME = "$(TARGET_NAME)";
				SWIFT_VERSION = 3.0;
			};
			name = Release;
		};
/* End XCBuildConfiguration section */

/* Begin XCConfigurationList section */
		4C7B29991EC37E150016A1CE /* Build configuration list for PBXProject "G54L5" */ = {
			isa = XCConfigurationList;
			buildConfigurations = (
				4C7B29AE1EC37E150016A1CE /* Debug */,
				4C7B29AF1EC37E150016A1CE /* Release */,
			);
			defaultConfigurationIsVisible = 0;
			defaultConfigurationName = Release;
		};
		4C7B29B01EC37E150016A1CE /* Build configuration list for PBXNativeTarget "G54L5" */ = {
			isa = XCConfigurationList;
			buildConfigurations = (
				4C7B29B11EC37E150016A1CE /* Debug */,
				4C7B29B21EC37E150016A1CE /* Release */,
			);
			defaultConfigurationIsVisible = 0;
		};
/* End XCConfigurationList section */
	};
	rootObject = 4C7B29961EC37E150016A1CE /* Project object */;
}
